
Microsoft Visual Studio Solution File, Format Version 12.00
# Visual Studio Version 16
VisualStudioVersion = 16.0.30804.86
MinimumVisualStudioVersion = 10.0.40219.1
Project("{FAE04EC0-301F-11D3-BF4B-00C04F79EFBC}") = "LibraryManagement", "LibraryManagement.Main\LibraryManagement.csproj", "{1D8D2DF6-704B-49C7-95C0-40387A396812}"
EndProject
Global
	GlobalSection(SolutionConfigurationPlatforms) = preSolution
		Debug|Any CPU = Debug|Any CPU
		Release|Any CPU = Release|Any CPU
	EndGlobalSection
	GlobalSection(ProjectConfigurationPlatforms) = postSolution
		{1D8D2DF6-704B-49C7-95C0-40387A396812}.Debug|Any CPU.ActiveCfg = Debug|Any CPU
		{1D8D2DF6-704B-49C7-95C0-40387A396812}.Debug|Any CPU.Build.0 = Debug|Any CPU
		{1D8D2DF6-704B-49C7-95C0-40387A396812}.Release|Any CPU.ActiveCfg = Release|Any CPU
		{1D8D2DF6-704B-49C7-95C0-40387A396812}.Release|Any CPU.Build.0 = Release|Any CPU
	EndGlobalSection
	GlobalSection(SolutionProperties) = preSolution
		HideSolutionNode = FALSE
	EndGlobalSection
	GlobalSection(ExtensibilityGlobals) = postSolution
		SolutionGuid = {DB5B6BAF-AB13-4704-A784-3C4C542854A7}
	EndGlobalSection
EndGlobal
